
Microsoft Visual Studio Solution File, Format Version 12.00
Project("{FAE04EC0-301F-11D3-BF4B-00C04F79EFBC}") = "Server", "Server\Server.csproj", "{5F826066-01A2-4E0C-BFEB-8994EE34D6DC}"
EndProject
Project("{2150E333-8FDC-42A3-9474-1A3956D46DE8}") = "Features", "Features", "{FF91B921-619E-4E38-B3CA-95F15B4FDFD9}"
EndProject
Project("{FAE04EC0-301F-11D3-BF4B-00C04F79EFBC}") = "DataCenter", "DataCenter\DataCenter.csproj", "{957F5879-E2D5-461F-BE71-A0581C9A1262}"
EndProject
Project("{FAE04EC0-301F-11D3-BF4B-00C04F79EFBC}") = "PathFinder", "PathFinder\PathFinder.csproj", "{E71EC801-A933-44BA-B75E-21C35AADD14E}"
EndProject
Project("{FAE04EC0-301F-11D3-BF4B-00C04F79EFBC}") = "Ddc", "Ddc\Ddc.csproj", "{A53E6CD3-0760-4917-80E7-888890E6873C}"
EndProject
Project("{2150E333-8FDC-42A3-9474-1A3956D46DE8}") = "Tests", "Tests", "{AE8A51B7-664A-4924-BB12-1EF3015734AC}"
EndProject
Project("{FAE04EC0-301F-11D3-BF4B-00C04F79EFBC}") = "Test.PathFinder", "Test.PathFinder\Test.PathFinder.csproj", "{BEB7E546-D7EC-458B-A076-B9989B6C8158}"
EndProject
Project("{FAE04EC0-301F-11D3-BF4B-00C04F79EFBC}") = "Test.FakeData", "Test.FakeData\Test.FakeData.csproj", "{B033B632-17FD-4E90-B4E4-C95447E07176}"
EndProject
Global
	GlobalSection(SolutionConfigurationPlatforms) = preSolution
		Debug|Any CPU = Debug|Any CPU
		Release|Any CPU = Release|Any CPU
	EndGlobalSection
	GlobalSection(ProjectConfigurationPlatforms) = postSolution
		{5F826066-01A2-4E0C-BFEB-8994EE34D6DC}.Debug|Any CPU.ActiveCfg = Debug|Any CPU
		{5F826066-01A2-4E0C-BFEB-8994EE34D6DC}.Debug|Any CPU.Build.0 = Debug|Any CPU
		{5F826066-01A2-4E0C-BFEB-8994EE34D6DC}.Release|Any CPU.ActiveCfg = Release|Any CPU
		{5F826066-01A2-4E0C-BFEB-8994EE34D6DC}.Release|Any CPU.Build.0 = Release|Any CPU
		{957F5879-E2D5-461F-BE71-A0581C9A1262}.Debug|Any CPU.ActiveCfg = Debug|Any CPU
		{957F5879-E2D5-461F-BE71-A0581C9A1262}.Debug|Any CPU.Build.0 = Debug|Any CPU
		{957F5879-E2D5-461F-BE71-A0581C9A1262}.Release|Any CPU.ActiveCfg = Release|Any CPU
		{957F5879-E2D5-461F-BE71-A0581C9A1262}.Release|Any CPU.Build.0 = Release|Any CPU
		{E71EC801-A933-44BA-B75E-21C35AADD14E}.Debug|Any CPU.ActiveCfg = Debug|Any CPU
		{E71EC801-A933-44BA-B75E-21C35AADD14E}.Debug|Any CPU.Build.0 = Debug|Any CPU
		{E71EC801-A933-44BA-B75E-21C35AADD14E}.Release|Any CPU.ActiveCfg = Release|Any CPU
		{E71EC801-A933-44BA-B75E-21C35AADD14E}.Release|Any CPU.Build.0 = Release|Any CPU
		{A53E6CD3-0760-4917-80E7-888890E6873C}.Debug|Any CPU.ActiveCfg = Debug|Any CPU
		{A53E6CD3-0760-4917-80E7-888890E6873C}.Debug|Any CPU.Build.0 = Debug|Any CPU
		{A53E6CD3-0760-4917-80E7-888890E6873C}.Release|Any CPU.ActiveCfg = Release|Any CPU
		{A53E6CD3-0760-4917-80E7-888890E6873C}.Release|Any CPU.Build.0 = Release|Any CPU
		{BEB7E546-D7EC-458B-A076-B9989B6C8158}.Debug|Any CPU.ActiveCfg = Debug|Any CPU
		{BEB7E546-D7EC-458B-A076-B9989B6C8158}.Debug|Any CPU.Build.0 = Debug|Any CPU
		{BEB7E546-D7EC-458B-A076-B9989B6C8158}.Release|Any CPU.ActiveCfg = Release|Any CPU
		{BEB7E546-D7EC-458B-A076-B9989B6C8158}.Release|Any CPU.Build.0 = Release|Any CPU
		{B033B632-17FD-4E90-B4E4-C95447E07176}.Debug|Any CPU.ActiveCfg = Debug|Any CPU
		{B033B632-17FD-4E90-B4E4-C95447E07176}.Debug|Any CPU.Build.0 = Debug|Any CPU
		{B033B632-17FD-4E90-B4E4-C95447E07176}.Release|Any CPU.ActiveCfg = Release|Any CPU
		{B033B632-17FD-4E90-B4E4-C95447E07176}.Release|Any CPU.Build.0 = Release|Any CPU
	EndGlobalSection
	GlobalSection(NestedProjects) = preSolution
		{957F5879-E2D5-461F-BE71-A0581C9A1262} = {FF91B921-619E-4E38-B3CA-95F15B4FDFD9}
		{E71EC801-A933-44BA-B75E-21C35AADD14E} = {FF91B921-619E-4E38-B3CA-95F15B4FDFD9}
		{A53E6CD3-0760-4917-80E7-888890E6873C} = {FF91B921-619E-4E38-B3CA-95F15B4FDFD9}
		{BEB7E546-D7EC-458B-A076-B9989B6C8158} = {AE8A51B7-664A-4924-BB12-1EF3015734AC}
		{B033B632-17FD-4E90-B4E4-C95447E07176} = {AE8A51B7-664A-4924-BB12-1EF3015734AC}
	EndGlobalSection
EndGlobal
